
Microsoft Visual Studio Solution File, Format Version 12.00
# Visual Studio Version 16
VisualStudioVersion = 16.0.31205.134
MinimumVisualStudioVersion = 10.0.40219.1
Project("{F14B399A-7131-4C87-9E4B-1186C45EF12D}") = "FileAllocationReports_SQL2012", "FileAllocationReports_SQL2012\FileAllocationReports_SQL2012.rptproj", "{09684BC2-84EA-4385-A982-68B94F575ECA}"
EndProject
Project("{F14B399A-7131-4C87-9E4B-1186C45EF12D}") = "FileAllocationReports_SQL2016", "FileAllocationReports_SQL2016\FileAllocationReports_SQL2016.rptproj", "{A1955D58-3E91-47BC-8A03-202A6496F7C0}"
EndProject
Global
	GlobalSection(SolutionConfigurationPlatforms) = preSolution
		Debug|Default = Debug|Default
		DebugLocal|Default = DebugLocal|Default
		Release|Default = Release|Default
	EndGlobalSection
	GlobalSection(ProjectConfigurationPlatforms) = postSolution
		{09684BC2-84EA-4385-A982-68B94F575ECA}.Debug|Default.ActiveCfg = Debug
		{09684BC2-84EA-4385-A982-68B94F575ECA}.Debug|Default.Build.0 = Debug
		{09684BC2-84EA-4385-A982-68B94F575ECA}.Debug|Default.Deploy.0 = Debug
		{09684BC2-84EA-4385-A982-68B94F575ECA}.DebugLocal|Default.ActiveCfg = DebugLocal
		{09684BC2-84EA-4385-A982-68B94F575ECA}.DebugLocal|Default.Build.0 = DebugLocal
		{09684BC2-84EA-4385-A982-68B94F575ECA}.DebugLocal|Default.Deploy.0 = DebugLocal
		{09684BC2-84EA-4385-A982-68B94F575ECA}.Release|Default.ActiveCfg = Release
		{09684BC2-84EA-4385-A982-68B94F575ECA}.Release|Default.Build.0 = Release
		{09684BC2-84EA-4385-A982-68B94F575ECA}.Release|Default.Deploy.0 = Release
		{A1955D58-3E91-47BC-8A03-202A6496F7C0}.Debug|Default.ActiveCfg = Debug
		{A1955D58-3E91-47BC-8A03-202A6496F7C0}.Debug|Default.Build.0 = Debug
		{A1955D58-3E91-47BC-8A03-202A6496F7C0}.Debug|Default.Deploy.0 = Debug
		{A1955D58-3E91-47BC-8A03-202A6496F7C0}.DebugLocal|Default.ActiveCfg = DebugLocal
		{A1955D58-3E91-47BC-8A03-202A6496F7C0}.DebugLocal|Default.Build.0 = DebugLocal
		{A1955D58-3E91-47BC-8A03-202A6496F7C0}.DebugLocal|Default.Deploy.0 = DebugLocal
		{A1955D58-3E91-47BC-8A03-202A6496F7C0}.Release|Default.ActiveCfg = Release
		{A1955D58-3E91-47BC-8A03-202A6496F7C0}.Release|Default.Build.0 = Release
		{A1955D58-3E91-47BC-8A03-202A6496F7C0}.Release|Default.Deploy.0 = Release
	EndGlobalSection
	GlobalSection(SolutionProperties) = preSolution
		HideSolutionNode = FALSE
	EndGlobalSection
	GlobalSection(ExtensibilityGlobals) = postSolution
		SolutionGuid = {019CDE66-E593-4A11-937D-CE31FDE4CB52}
	EndGlobalSection
EndGlobal
